{
  "name": "bridge-vite",
  "version": "1.0.0",
  "lockfileVersion": 1,
  "requires": true,
  "dependencies": {
    "@sisi/ed25519-blake2b-hd-key": {
      "version": "1.0.2",
      "resolved": "https://registry.npm.taobao.org/@sisi/ed25519-blake2b-hd-key/download/@sisi/ed25519-blake2b-hd-key-1.0.2.tgz",
      "integrity": "sha1-Cb45doHGwBLMF/R+TqlzROZWrkU=",
      "requires": {
        "@sisi/tweetnacl-blake2b": "^1.0.0",
        "bip39": "^2.4.0",
        "create-hmac": "^1.1.6"
      },
      "dependencies": {
        "bip39": {
          "version": "2.6.0",
          "resolved": "https://registry.nlark.com/bip39/download/bip39-2.6.0.tgz",
          "integrity": "sha1-njpyC0Lsiz++QDjx5EUxe2qZMhw=",
          "requires": {
            "create-hash": "^1.1.0",
            "pbkdf2": "^3.0.9",
            "randombytes": "^2.0.1",
            "safe-buffer": "^5.0.1",
            "unorm": "^1.3.3"
          }
        }
      }
    },
    "@sisi/tweetnacl-blake2b": {
      "version": "1.0.0",
      "resolved": "https://registry.npm.taobao.org/@sisi/tweetnacl-blake2b/download/@sisi/tweetnacl-blake2b-1.0.0.tgz",
      "integrity": "sha1-tjnfhLle7QuMb1SMB3DntJnSqis=",
      "requires": {
        "blakejs": "^1.1.0"
      }
    },
    "@types/node": {
      "version": "11.11.6",
      "resolved": "https://registry.nlark.com/@types/node/download/@types/node-11.11.6.tgz?cache=0&sync_timestamp=1627257784975&other_urls=https%3A%2F%2Fregistry.nlark.com%2F%40types%2Fnode%2Fdownload%2F%40types%2Fnode-11.11.6.tgz",
      "integrity": "sha1-35KdG7Lu5a/dpZikGTD+ULQ+qmo="
    },
    "@vite/vitejs": {
      "version": "2.3.14",
      "resolved": "https://registry.nlark.com/@vite/vitejs/download/@vite/vitejs-2.3.14.tgz",
      "integrity": "sha1-0h+dihMbSfMnSj3dKLqp81uyYMM=",
      "requires": {
        "@sisi/ed25519-blake2b-hd-key": "^1.0.2",
        "@sisi/tweetnacl-blake2b": "^1.0.0",
        "bip39": "^3.0.2",
        "blake2b": "^2.1.3",
        "blakejs": "^1.1.0",
        "bn.js": "^5.1.1",
        "browserify-aes": "^1.2.0",
        "buffer": "^5.5.0",
        "create-hmac": "^1.1.7",
        "es6-promise": "^4.2.5",
        "jsonrpc-lite": "^2.0.3",
        "net": "^1.0.2",
        "pure-uuid": "^1.5.3",
        "qs": "^6.6.0",
        "scryptsy": "^2.0.0",
        "websocket": "^1.0.26",
        "xhr2": "^0.2.0"
      }
    },
    "@vite/vitejs-http": {
      "version": "2.3.14",
      "resolved": "https://registry.nlark.com/@vite/vitejs-http/download/@vite/vitejs-http-2.3.14.tgz",
      "integrity": "sha1-ZISleaRMUOYhHz8Y+wHYE3e/av8="
    },
    "base64-js": {
      "version": "1.5.1",
      "resolved": "https://registry.npm.taobao.org/base64-js/download/base64-js-1.5.1.tgz",
      "integrity": "sha1-GxtEAWClv3rUC2UPCVljSBkDkwo="
    },
    "bip39": {
      "version": "3.0.4",
      "resolved": "https://registry.nlark.com/bip39/download/bip39-3.0.4.tgz",
      "integrity": "sha1-WxH+2WaEC14bhTnw9Uq2OSlpsqA=",
      "requires": {
        "@types/node": "11.11.6",
        "create-hash": "^1.1.0",
        "pbkdf2": "^3.0.9",
        "randombytes": "^2.0.1"
      }
    },
    "blake2b": {
      "version": "2.1.3",
      "resolved": "https://registry.npm.taobao.org/blake2b/download/blake2b-2.1.3.tgz",
      "integrity": "sha1-9TiL5CR2jnxjJwJdrQw8bYM1G8o=",
      "requires": {
        "blake2b-wasm": "^1.1.0",
        "nanoassert": "^1.0.0"
      }
    },
    "blake2b-wasm": {
      "version": "1.1.7",
      "resolved": "https://registry.nlark.com/blake2b-wasm/download/blake2b-wasm-1.1.7.tgz",
      "integrity": "sha1-5NB12hAGjl1MPsH7mszE0YbFXYE=",
      "requires": {
        "nanoassert": "^1.0.0"
      }
    },
    "blakejs": {
      "version": "1.1.1",
      "resolved": "https://registry.nlark.com/blakejs/download/blakejs-1.1.1.tgz",
      "integrity": "sha1-vzEwU5eLLNTERKSHlXEL4Fx4VwI="
    },
    "bn.js": {
      "version": "5.2.0",
      "resolved": "https://registry.npm.taobao.org/bn.js/download/bn.js-5.2.0.tgz",
      "integrity": "sha1-NYhgZ0OWxpl3canQUfzBtX1K4AI="
    },
    "browserify-aes": {
      "version": "1.2.0",
      "resolved": "https://registry.npm.taobao.org/browserify-aes/download/browserify-aes-1.2.0.tgz",
      "integrity": "sha1-Mmc0ZC9APavDADIJhTu3CtQo70g=",
      "requires": {
        "buffer-xor": "^1.0.3",
        "cipher-base": "^1.0.0",
        "create-hash": "^1.1.0",
        "evp_bytestokey": "^1.0.3",
        "inherits": "^2.0.1",
        "safe-buffer": "^5.0.1"
      }
    },
    "buffer": {
      "version": "5.7.1",
      "resolved": "https://registry.npm.taobao.org/buffer/download/buffer-5.7.1.tgz?cache=0&sync_timestamp=1606098175437&other_urls=https%3A%2F%2Fregistry.npm.taobao.org%2Fbuffer%2Fdownload%2Fbuffer-5.7.1.tgz",
      "integrity": "sha1-umLnwTEzBTWCGXFghRqPZI6Z7tA=",
      "requires": {
        "base64-js": "^1.3.1",
        "ieee754": "^1.1.13"
      }
    },
    "buffer-xor": {
      "version": "1.0.3",
      "resolved": "https://registry.npm.taobao.org/buffer-xor/download/buffer-xor-1.0.3.tgz",
      "integrity": "sha1-JuYe0UIvtw3ULm42cp7VHYVf6Nk="
    },
    "bufferutil": {
      "version": "4.0.3",
      "resolved": "https://registry.npm.taobao.org/bufferutil/download/bufferutil-4.0.3.tgz",
      "integrity": "sha1-ZnJLdWvtI818KMTTBteZT5lDzGs=",
      "requires": {
        "node-gyp-build": "^4.2.0"
      }
    },
    "call-bind": {
      "version": "1.0.2",
      "resolved": "https://registry.nlark.com/call-bind/download/call-bind-1.0.2.tgz",
      "integrity": "sha1-sdTonmiBGcPJqQOtMKuy9qkZvjw=",
      "requires": {
        "function-bind": "^1.1.1",
        "get-intrinsic": "^1.0.2"
      }
    },
    "cipher-base": {
      "version": "1.0.4",
      "resolved": "https://registry.npm.taobao.org/cipher-base/download/cipher-base-1.0.4.tgz",
      "integrity": "sha1-h2Dk7MJy9MNjUy+SbYdKriwTl94=",
      "requires": {
        "inherits": "^2.0.1",
        "safe-buffer": "^5.0.1"
      }
    },
    "create-hash": {
      "version": "1.2.0",
      "resolved": "https://registry.npm.taobao.org/create-hash/download/create-hash-1.2.0.tgz",
      "integrity": "sha1-iJB4rxGmN1a8+1m9IhmWvjqe8ZY=",
      "requires": {
        "cipher-base": "^1.0.1",
        "inherits": "^2.0.1",
        "md5.js": "^1.3.4",
        "ripemd160": "^2.0.1",
        "sha.js": "^2.4.0"
      }
    },
    "create-hmac": {
      "version": "1.1.7",
      "resolved": "https://registry.npm.taobao.org/create-hmac/download/create-hmac-1.1.7.tgz",
      "integrity": "sha1-aRcMeLOrlXFHsriwRXLkfq0iQ/8=",
      "requires": {
        "cipher-base": "^1.0.3",
        "create-hash": "^1.1.0",
        "inherits": "^2.0.1",
        "ripemd160": "^2.0.0",
        "safe-buffer": "^5.0.1",
        "sha.js": "^2.4.8"
      }
    },
    "d": {
      "version": "1.0.1",
      "resolved": "https://registry.npm.taobao.org/d/download/d-1.0.1.tgz",
      "integrity": "sha1-hpgJU3LVjb7jRv/Qxwk/mfj561o=",
      "requires": {
        "es5-ext": "^0.10.50",
        "type": "^1.0.1"
      }
    },
    "debug": {
      "version": "2.6.9",
      "resolved": "https://registry.nlark.com/debug/download/debug-2.6.9.tgz",
      "integrity": "sha1-XRKFFd8TT/Mn6QpMk/Tgd6U2NB8=",
      "requires": {
        "ms": "2.0.0"
      }
    },
    "es5-ext": {
      "version": "0.10.53",
      "resolved": "https://registry.npm.taobao.org/es5-ext/download/es5-ext-0.10.53.tgz",
      "integrity": "sha1-k8WjrP2+8nUiCtcmRK0C7hg2jeE=",
      "requires": {
        "es6-iterator": "~2.0.3",
        "es6-symbol": "~3.1.3",
        "next-tick": "~1.0.0"
      }
    },
    "es6-iterator": {
      "version": "2.0.3",
      "resolved": "https://registry.npm.taobao.org/es6-iterator/download/es6-iterator-2.0.3.tgz",
      "integrity": "sha1-p96IkUGgWpSwhUQDstCg+/qY87c=",
      "requires": {
        "d": "1",
        "es5-ext": "^0.10.35",
        "es6-symbol": "^3.1.1"
      }
    },
    "es6-promise": {
      "version": "4.2.8",
      "resolved": "https://registry.npm.taobao.org/es6-promise/download/es6-promise-4.2.8.tgz?cache=0&other_urls=https%3A%2F%2Fregistry.npm.taobao.org%2Fes6-promise%2Fdownload%2Fes6-promise-4.2.8.tgz",
      "integrity": "sha1-TrIVlMlyvEBVPSduUQU5FD21Pgo="
    },
    "es6-symbol": {
      "version": "3.1.3",
      "resolved": "https://registry.npm.taobao.org/es6-symbol/download/es6-symbol-3.1.3.tgz",
      "integrity": "sha1-utXTwbzawoJp9MszHkMceKxwXRg=",
      "requires": {
        "d": "^1.0.1",
        "ext": "^1.1.2"
      }
    },
    "evp_bytestokey": {
      "version": "1.0.3",
      "resolved": "https://registry.npm.taobao.org/evp_bytestokey/download/evp_bytestokey-1.0.3.tgz",
      "integrity": "sha1-f8vbGY3HGVlDLv4ThCaE4FJaywI=",
      "requires": {
        "md5.js": "^1.3.4",
        "safe-buffer": "^5.1.1"
      }
    },
    "ext": {
      "version": "1.4.0",
      "resolved": "https://registry.npm.taobao.org/ext/download/ext-1.4.0.tgz",
      "integrity": "sha1-ia56BxWPedNVF4gpBDJAd+Q3kkQ=",
      "requires": {
        "type": "^2.0.0"
      },
      "dependencies": {
        "type": {
          "version": "2.5.0",
          "resolved": "https://registry.npm.taobao.org/type/download/type-2.5.0.tgz?cache=0&sync_timestamp=1615215448661&other_urls=https%3A%2F%2Fregistry.npm.taobao.org%2Ftype%2Fdownload%2Ftype-2.5.0.tgz",
          "integrity": "sha1-Ci54wud5B7JSq+XymMGwHGPw2z0="
        }
      }
    },
    "function-bind": {
      "version": "1.1.1",
      "resolved": "https://registry.npm.taobao.org/function-bind/download/function-bind-1.1.1.tgz",
      "integrity": "sha1-pWiZ0+o8m6uHS7l3O3xe3pL0iV0="
    },
    "get-intrinsic": {
      "version": "1.1.1",
      "resolved": "https://registry.nlark.com/get-intrinsic/download/get-intrinsic-1.1.1.tgz",
      "integrity": "sha1-FfWfN2+FXERpY5SPDSTNNje0q8Y=",
      "requires": {
        "function-bind": "^1.1.1",
        "has": "^1.0.3",
        "has-symbols": "^1.0.1"
      }
    },
    "has": {
      "version": "1.0.3",
      "resolved": "https://registry.npm.taobao.org/has/download/has-1.0.3.tgz",
      "integrity": "sha1-ci18v8H2qoJB8W3YFOAR4fQeh5Y=",
      "requires": {
        "function-bind": "^1.1.1"
      }
    },
    "has-symbols": {
      "version": "1.0.2",
      "resolved": "https://registry.npm.taobao.org/has-symbols/download/has-symbols-1.0.2.tgz",
      "integrity": "sha1-Fl0wcMADCXUqEjakeTMeOsVvFCM="
    },
    "hash-base": {
      "version": "3.1.0",
      "resolved": "https://registry.npm.taobao.org/hash-base/download/hash-base-3.1.0.tgz",
      "integrity": "sha1-VcOB2eBuHSmXqIO0o/3f5/DTrzM=",
      "requires": {
        "inherits": "^2.0.4",
        "readable-stream": "^3.6.0",
        "safe-buffer": "^5.2.0"
      }
    },
    "ieee754": {
      "version": "1.2.1",
      "resolved": "https://registry.npm.taobao.org/ieee754/download/ieee754-1.2.1.tgz?cache=0&sync_timestamp=1603838364836&other_urls=https%3A%2F%2Fregistry.npm.taobao.org%2Fieee754%2Fdownload%2Fieee754-1.2.1.tgz",
      "integrity": "sha1-jrehCmP/8l0VpXsAFYbRd9Gw01I="
    },
    "inherits": {
      "version": "2.0.4",
      "resolved": "https://registry.npm.taobao.org/inherits/download/inherits-2.0.4.tgz?cache=0&sync_timestamp=1560975547815&other_urls=https%3A%2F%2Fregistry.npm.taobao.org%2Finherits%2Fdownload%2Finherits-2.0.4.tgz",
      "integrity": "sha1-D6LGT5MpF8NDOg3tVTY6rjdBa3w="
    },
    "is-typedarray": {
      "version": "1.0.0",
      "resolved": "https://registry.npm.taobao.org/is-typedarray/download/is-typedarray-1.0.0.tgz",
      "integrity": "sha1-5HnICFjfDBsR3dppQPlgEfzaSpo="
    },
    "jsonrpc-lite": {
      "version": "2.2.0",
      "resolved": "https://registry.nlark.com/jsonrpc-lite/download/jsonrpc-lite-2.2.0.tgz",
      "integrity": "sha1-+zqp0pLIlw63+DxgQMZVR2e7xqY="
    },
    "md5.js": {
      "version": "1.3.5",
      "resolved": "https://registry.npm.taobao.org/md5.js/download/md5.js-1.3.5.tgz",
      "integrity": "sha1-tdB7jjIW4+J81yjXL3DR5qNCAF8=",
      "requires": {
        "hash-base": "^3.0.0",
        "inherits": "^2.0.1",
        "safe-buffer": "^5.1.2"
      }
    },
    "ms": {
      "version": "2.0.0",
      "resolved": "https://registry.npm.taobao.org/ms/download/ms-2.0.0.tgz?cache=0&sync_timestamp=1607433856030&other_urls=https%3A%2F%2Fregistry.npm.taobao.org%2Fms%2Fdownload%2Fms-2.0.0.tgz",
      "integrity": "sha1-VgiurfwAvmwpAd9fmGF4jeDVl8g="
    },
    "nanoassert": {
      "version": "1.1.0",
      "resolved": "https://registry.npm.taobao.org/nanoassert/download/nanoassert-1.1.0.tgz",
      "integrity": "sha1-TzFS4JVA/eKMdvRLGbvNHVpCR40="
    },
    "net": {
      "version": "1.0.2",
      "resolved": "https://registry.npm.taobao.org/net/download/net-1.0.2.tgz",
      "integrity": "sha1-0XV+yaf7I3HYPPR1XOPifhCCk4g="
    },
    "next-tick": {
      "version": "1.0.0",
      "resolved": "https://registry.npm.taobao.org/next-tick/download/next-tick-1.0.0.tgz?cache=0&sync_timestamp=1581394302950&other_urls=https%3A%2F%2Fregistry.npm.taobao.org%2Fnext-tick%2Fdownload%2Fnext-tick-1.0.0.tgz",
      "integrity": "sha1-yobR/ogoFpsBICCOPchCS524NCw="
    },
    "node-gyp-build": {
      "version": "4.2.3",
      "resolved": "https://registry.npm.taobao.org/node-gyp-build/download/node-gyp-build-4.2.3.tgz",
      "integrity": "sha1-zmJ3+FODX3GIKe+0fbIPPk2cRzk="
    },
    "object-inspect": {
      "version": "1.11.0",
      "resolved": "https://registry.nlark.com/object-inspect/download/object-inspect-1.11.0.tgz",
      "integrity": "sha1-nc6xRs7dQUig2eUauI00z1CZIrE="
    },
    "pbkdf2": {
      "version": "3.1.2",
      "resolved": "https://registry.npm.taobao.org/pbkdf2/download/pbkdf2-3.1.2.tgz?cache=0&sync_timestamp=1617976093778&other_urls=https%3A%2F%2Fregistry.npm.taobao.org%2Fpbkdf2%2Fdownload%2Fpbkdf2-3.1.2.tgz",
      "integrity": "sha1-3YIqoIh1gOUvGgOdw+2hCO+uMHU=",
      "requires": {
        "create-hash": "^1.1.2",
        "create-hmac": "^1.1.4",
        "ripemd160": "^2.0.1",
        "safe-buffer": "^5.0.1",
        "sha.js": "^2.4.8"
      }
    },
    "pure-uuid": {
      "version": "1.6.2",
      "resolved": "https://registry.nlark.com/pure-uuid/download/pure-uuid-1.6.2.tgz",
      "integrity": "sha1-ZPMDLVSVO5OwWFvjJjomKfHWCgQ="
    },
    "qs": {
      "version": "6.10.1",
      "resolved": "https://registry.npm.taobao.org/qs/download/qs-6.10.1.tgz?cache=0&sync_timestamp=1616385371256&other_urls=https%3A%2F%2Fregistry.npm.taobao.org%2Fqs%2Fdownload%2Fqs-6.10.1.tgz",
      "integrity": "sha1-STFIL6jWR6Wqt5nFJx0hM7mB+2o=",
      "requires": {
        "side-channel": "^1.0.4"
      }
    },
    "randombytes": {
      "version": "2.1.0",
      "resolved": "https://registry.npm.taobao.org/randombytes/download/randombytes-2.1.0.tgz",
      "integrity": "sha1-32+ENy8CcNxlzfYpE0mrekc9Tyo=",
      "requires": {
        "safe-buffer": "^5.1.0"
      }
    },
    "readable-stream": {
      "version": "3.6.0",
      "resolved": "https://registry.npm.taobao.org/readable-stream/download/readable-stream-3.6.0.tgz",
      "integrity": "sha1-M3u9o63AcGvT4CRCaihtS0sskZg=",
      "requires": {
        "inherits": "^2.0.3",
        "string_decoder": "^1.1.1",
        "util-deprecate": "^1.0.1"
      }
    },
    "ripemd160": {
      "version": "2.0.2",
      "resolved": "https://registry.npm.taobao.org/ripemd160/download/ripemd160-2.0.2.tgz",
      "integrity": "sha1-ocGm9iR1FXe6XQeRTLyShQWFiQw=",
      "requires": {
        "hash-base": "^3.0.0",
        "inherits": "^2.0.1"
      }
    },
    "safe-buffer": {
      "version": "5.2.1",
      "resolved": "https://registry.npm.taobao.org/safe-buffer/download/safe-buffer-5.2.1.tgz",
      "integrity": "sha1-Hq+fqb2x/dTsdfWPnNtOa3gn7sY="
    },
    "scryptsy": {
      "version": "2.1.0",
      "resolved": "https://registry.npm.taobao.org/scryptsy/download/scryptsy-2.1.0.tgz",
      "integrity": "sha1-jR6NDAJbWP3SW2+poNyQXuj6p5A="
    },
    "sha.js": {
      "version": "2.4.11",
      "resolved": "https://registry.npm.taobao.org/sha.js/download/sha.js-2.4.11.tgz?cache=0&other_urls=https%3A%2F%2Fregistry.npm.taobao.org%2Fsha.js%2Fdownload%2Fsha.js-2.4.11.tgz",
      "integrity": "sha1-N6XPC4HsvGlD3hCbopYNGyZYSuc=",
      "requires": {
        "inherits": "^2.0.1",
        "safe-buffer": "^5.0.1"
      }
    },
    "side-channel": {
      "version": "1.0.4",
      "resolved": "https://registry.npm.taobao.org/side-channel/download/side-channel-1.0.4.tgz",
      "integrity": "sha1-785cj9wQTudRslxY1CkAEfpeos8=",
      "requires": {
        "call-bind": "^1.0.0",
        "get-intrinsic": "^1.0.2",
        "object-inspect": "^1.9.0"
      }
    },
    "string_decoder": {
      "version": "1.3.0",
      "resolved": "https://registry.npm.taobao.org/string_decoder/download/string_decoder-1.3.0.tgz",
      "integrity": "sha1-QvEUWUpGzxqOMLCoT1bHjD7awh4=",
      "requires": {
        "safe-buffer": "~5.2.0"
      }
    },
    "type": {
      "version": "1.2.0",
      "resolved": "https://registry.npm.taobao.org/type/download/type-1.2.0.tgz?cache=0&sync_timestamp=1615215448661&other_urls=https%3A%2F%2Fregistry.npm.taobao.org%2Ftype%2Fdownload%2Ftype-1.2.0.tgz",
      "integrity": "sha1-hI3XaY2vo+VKbEeedZxLw/GIR6A="
    },
    "typedarray-to-buffer": {
      "version": "3.1.5",
      "resolved": "https://registry.npm.taobao.org/typedarray-to-buffer/download/typedarray-to-buffer-3.1.5.tgz",
      "integrity": "sha1-qX7nqf9CaRufeD/xvFES/j/KkIA=",
      "requires": {
        "is-typedarray": "^1.0.0"
      }
    },
    "unorm": {
      "version": "1.6.0",
      "resolved": "https://registry.npm.taobao.org/unorm/download/unorm-1.6.0.tgz",
      "integrity": "sha1-ApsolmH7pxTxqa9DnrUdmxbCBa8="
    },
    "utf-8-validate": {
      "version": "5.0.5",
      "resolved": "https://registry.nlark.com/utf-8-validate/download/utf-8-validate-5.0.5.tgz?cache=0&sync_timestamp=1620067981778&other_urls=https%3A%2F%2Fregistry.nlark.com%2Futf-8-validate%2Fdownload%2Futf-8-validate-5.0.5.tgz",
      "integrity": "sha1-3TLC6CxyAC3J8C62e6Z2H0NFbKE=",
      "requires": {
        "node-gyp-build": "^4.2.0"
      }
    },
    "util-deprecate": {
      "version": "1.0.2",
      "resolved": "https://registry.npm.taobao.org/util-deprecate/download/util-deprecate-1.0.2.tgz",
      "integrity": "sha1-RQ1Nyfpw3nMnYvvS1KKJgUGaDM8="
    },
    "websocket": {
      "version": "1.0.34",
      "resolved": "https://registry.npm.taobao.org/websocket/download/websocket-1.0.34.tgz",
      "integrity": "sha1-K9wmAsCL8sgiU7cwZVwO99yrMRE=",
      "requires": {
        "bufferutil": "^4.0.1",
        "debug": "^2.2.0",
        "es5-ext": "^0.10.50",
        "typedarray-to-buffer": "^3.1.5",
        "utf-8-validate": "^5.0.2",
        "yaeti": "^0.0.6"
      }
    },
    "xhr2": {
      "version": "0.2.1",
      "resolved": "https://registry.npm.taobao.org/xhr2/download/xhr2-0.2.1.tgz",
      "integrity": "sha1-TnOtxPnP7Jy9IVf3Pv3OOl8QipM="
    },
    "yaeti": {
      "version": "0.0.6",
      "resolved": "https://registry.npm.taobao.org/yaeti/download/yaeti-0.0.6.tgz",
      "integrity": "sha1-8m9ITXJoTPQr7ft2lwqhYI+/lXc="
    }
  }
}
